// !$*UTF8*$!
{
	archiveVersion = 1;
	classes = {
	};
	objectVersion = 77;
	objects = {

/* Begin PBXBuildFile section */
		AA0000000000000000000001 /* WeatherMood365App.swift in Sources */ = {isa = PBXBuildFile; fileRef = AA0000000000000000000011 /* WeatherMood365App.swift */; };
		AA0000000000000000000002 /* DailyEntry.swift in Sources */ = {isa = PBXBuildFile; fileRef = AA0000000000000000000012 /* DailyEntry.swift */; };
		AA0000000000000000000003 /* EntryStore.swift in Sources */ = {isa = PBXBuildFile; fileRef = AA0000000000000000000013 /* EntryStore.swift */; };
		AA0000000000000000000004 /* WeatherService.swift in Sources */ = {isa = PBXBuildFile; fileRef = AA0000000000000000000014 /* WeatherService.swift */; };
		AA0000000000000000000005 /* ContentView.swift in Sources */ = {isa = PBXBuildFile; fileRef = AA0000000000000000000015 /* ContentView.swift */; };
		AA0000000000000000000006 /* EntryRowView.swift in Sources */ = {isa = PBXBuildFile; fileRef = AA0000000000000000000016 /* EntryRowView.swift */; };
		AA0000000000000000000007 /* EntryEditorView.swift in Sources */ = {isa = PBXBuildFile; fileRef = AA0000000000000000000017 /* EntryEditorView.swift */; };
		AA0000000000000000000008 /* Assets.xcassets in Resources */ = {isa = PBXBuildFile; fileRef = AA0000000000000000000018 /* Assets.xcassets */; };
		AA0000000000000000000009 /* CameraPickerView.swift in Sources */ = {isa = PBXBuildFile; fileRef = AA0000000000000000000019 /* CameraPickerView.swift */; };
		AA000000000000000000000A /* YearCalendarView.swift in Sources */ = {isa = PBXBuildFile; fileRef = AA000000000000000000001A /* YearCalendarView.swift */; };
		AA000000000000000000000B /* LaunchScreen.storyboard in Resources */ = {isa = PBXBuildFile; fileRef = AA000000000000000000001B /* LaunchScreen.storyboard */; };
		AA000000000000000000000C /* EntryDetailView.swift in Sources */ = {isa = PBXBuildFile; fileRef = AA000000000000000000001C /* EntryDetailView.swift */; };
		AA000000000000000000000D /* LocationMapView.swift in Sources */ = {isa = PBXBuildFile; fileRef = AA000000000000000000001D /* LocationMapView.swift */; };
		AA000000000000000000000E /* MoodIconView.swift in Sources */ = {isa = PBXBuildFile; fileRef = AA000000000000000000001E /* MoodIconView.swift */; };
		AA000000000000000000000F /* CachedPhotoView.swift in Sources */ = {isa = PBXBuildFile; fileRef = AA000000000000000000001F /* CachedPhotoView.swift */; };
/* End PBXBuildFile section */

/* Begin PBXFileReference section */
		AA0000000000000000000010 /* WeatherMood365.app */ = {isa = PBXFileReference; explicitFileType = wrapper.application; includeInIndex = 0; path = WeatherMood365.app; sourceTree = BUILT_PRODUCTS_DIR; };
		AA0000000000000000000011 /* WeatherMood365App.swift */ = {isa = PBXFileReference; lastKnownFileType = sourcecode.swift; path = WeatherMood365App.swift; sourceTree = "<group>"; };
		AA0000000000000000000012 /* DailyEntry.swift */ = {isa = PBXFileReference; lastKnownFileType = sourcecode.swift; path = DailyEntry.swift; sourceTree = "<group>"; };
		AA0000000000000000000013 /* EntryStore.swift */ = {isa = PBXFileReference; lastKnownFileType = sourcecode.swift; path = EntryStore.swift; sourceTree = "<group>"; };
		AA0000000000000000000014 /* WeatherService.swift */ = {isa = PBXFileReference; lastKnownFileType = sourcecode.swift; path = WeatherService.swift; sourceTree = "<group>"; };
		AA0000000000000000000015 /* ContentView.swift */ = {isa = PBXFileReference; lastKnownFileType = sourcecode.swift; path = ContentView.swift; sourceTree = "<group>"; };
		AA0000000000000000000016 /* EntryRowView.swift */ = {isa = PBXFileReference; lastKnownFileType = sourcecode.swift; path = EntryRowView.swift; sourceTree = "<group>"; };
		AA0000000000000000000017 /* EntryEditorView.swift */ = {isa = PBXFileReference; lastKnownFileType = sourcecode.swift; path = EntryEditorView.swift; sourceTree = "<group>"; };
		AA0000000000000000000018 /* Assets.xcassets */ = {isa = PBXFileReference; lastKnownFileType = folder.assetcatalog; path = Assets.xcassets; sourceTree = "<group>"; };
		AA0000000000000000000019 /* CameraPickerView.swift */ = {isa = PBXFileReference; lastKnownFileType = sourcecode.swift; path = CameraPickerView.swift; sourceTree = "<group>"; };
		AA000000000000000000001A /* YearCalendarView.swift */ = {isa = PBXFileReference; lastKnownFileType = sourcecode.swift; path = YearCalendarView.swift; sourceTree = "<group>"; };
		AA000000000000000000001B /* LaunchScreen.storyboard */ = {isa = PBXFileReference; lastKnownFileType = file.storyboard; path = LaunchScreen.storyboard; sourceTree = "<group>"; };
		AA000000000000000000001C /* EntryDetailView.swift */ = {isa = PBXFileReference; lastKnownFileType = sourcecode.swift; path = EntryDetailView.swift; sourceTree = "<group>"; };
		AA000000000000000000001D /* LocationMapView.swift */ = {isa = PBXFileReference; lastKnownFileType = sourcecode.swift; path = LocationMapView.swift; sourceTree = "<group>"; };
		AA000000000000000000001E /* MoodIconView.swift */ = {isa = PBXFileReference; lastKnownFileType = sourcecode.swift; path = MoodIconView.swift; sourceTree = "<group>"; };
		AA000000000000000000001F /* CachedPhotoView.swift */ = {isa = PBXFileReference; lastKnownFileType = sourcecode.swift; path = CachedPhotoView.swift; sourceTree = "<group>"; };
/* End PBXFileReference section */

/* Begin PBXFrameworksBuildPhase section */
		AA0000000000000000000020 /* Frameworks */ = {
			isa = PBXFrameworksBuildPhase;
			buildActionMask = 2147483647;
			files = (
			);
			runOnlyForDeploymentPostprocessing = 0;
		};
/* End PBXFrameworksBuildPhase section */

/* Begin PBXGroup section */
		AA0000000000000000000030 = {
			isa = PBXGroup;
			children = (
				AA0000000000000000000031 /* WeatherMood365 */,
				AA0000000000000000000036 /* Products */,
			);
			sourceTree = "<group>";
		};
		AA0000000000000000000031 /* WeatherMood365 */ = {
			isa = PBXGroup;
			children = (
				AA0000000000000000000011 /* WeatherMood365App.swift */,
				AA0000000000000000000032 /* Models */,
				AA0000000000000000000033 /* Services */,
				AA0000000000000000000034 /* Views */,
				AA0000000000000000000035 /* Resources */,
			);
			path = WeatherMood365;
			sourceTree = "<group>";
		};
		AA0000000000000000000032 /* Models */ = {
			isa = PBXGroup;
			children = (
				AA0000000000000000000012 /* DailyEntry.swift */,
			);
			path = Models;
			sourceTree = "<group>";
		};
		AA0000000000000000000033 /* Services */ = {
			isa = PBXGroup;
			children = (
				AA0000000000000000000013 /* EntryStore.swift */,
				AA0000000000000000000014 /* WeatherService.swift */,
			);
			path = Services;
			sourceTree = "<group>";
		};
		AA0000000000000000000034 /* Views */ = {
			isa = PBXGroup;
			children = (
				AA0000000000000000000015 /* ContentView.swift */,
				AA0000000000000000000016 /* EntryRowView.swift */,
				AA0000000000000000000017 /* EntryEditorView.swift */,
				AA0000000000000000000019 /* CameraPickerView.swift */,
				AA000000000000000000001A /* YearCalendarView.swift */,
				AA000000000000000000001C /* EntryDetailView.swift */,
				AA000000000000000000001D /* LocationMapView.swift */,
				AA000000000000000000001E /* MoodIconView.swift */,
				AA000000000000000000001F /* CachedPhotoView.swift */,
			);
			path = Views;
			sourceTree = "<group>";
		};
		AA0000000000000000000035 /* Resources */ = {
			isa = PBXGroup;
			children = (
				AA0000000000000000000018 /* Assets.xcassets */,
				AA000000000000000000001B /* LaunchScreen.storyboard */,
			);
			path = Resources;
			sourceTree = "<group>";
		};
		AA0000000000000000000036 /* Products */ = {
			isa = PBXGroup;
			children = (
				AA0000000000000000000010 /* WeatherMood365.app */,
			);
			name = Products;
			sourceTree = "<group>";
		};
/* End PBXGroup section */

/* Begin PBXNativeTarget section */
		AA0000000000000000000040 /* WeatherMood365 */ = {
			isa = PBXNativeTarget;
			buildConfigurationList = AA0000000000000000000080 /* Build configuration list for PBXNativeTarget "WeatherMood365" */;
			buildPhases = (
				AA0000000000000000000041 /* Sources */,
				AA0000000000000000000020 /* Frameworks */,
				AA0000000000000000000042 /* Resources */,
			);
			buildRules = (
			);
			dependencies = (
			);
			name = WeatherMood365;
			productName = WeatherMood365;
			productReference = AA0000000000000000000010 /* WeatherMood365.app */;
			productType = "com.apple.product-type.application";
		};
/* End PBXNativeTarget section */

/* Begin PBXProject section */
		AA0000000000000000000050 /* Project object */ = {
			isa = PBXProject;
			attributes = {
				BuildIndependentTargetsInParallel = 1;
				LastSwiftUpdateCheck = 2640;
				LastUpgradeCheck = 2640;
				TargetAttributes = {
					AA0000000000000000000040 = {
						CreatedOnToolsVersion = 26.4.1;
					};
				};
			};
			buildConfigurationList = AA0000000000000000000070 /* Build configuration list for PBXProject "WeatherMood365" */;
			developmentRegion = en;
			hasScannedForEncodings = 0;
			knownRegions = (
				en,
				Base,
			);
			mainGroup = AA0000000000000000000030;
			minimizedProjectReferenceProxies = 1;
			preferredProjectObjectVersion = 77;
			productRefGroup = AA0000000000000000000036 /* Products */;
			projectDirPath = "";
			projectRoot = "";
			targets = (
				AA0000000000000000000040 /* WeatherMood365 */,
			);
		};
/* End PBXProject section */

/* Begin PBXResourcesBuildPhase section */
		AA0000000000000000000042 /* Resources */ = {
			isa = PBXResourcesBuildPhase;
			buildActionMask = 2147483647;
			files = (
				AA0000000000000000000008 /* Assets.xcassets in Resources */,
				AA000000000000000000000B /* LaunchScreen.storyboard in Resources */,
			);
			runOnlyForDeploymentPostprocessing = 0;
		};
/* End PBXResourcesBuildPhase section */

/* Begin PBXSourcesBuildPhase section */
		AA0000000000000000000041 /* Sources */ = {
			isa = PBXSourcesBuildPhase;
			buildActionMask = 2147483647;
			files = (
				AA0000000000000000000001 /* WeatherMood365App.swift in Sources */,
				AA0000000000000000000002 /* DailyEntry.swift in Sources */,
				AA0000000000000000000003 /* EntryStore.swift in Sources */,
				AA0000000000000000000004 /* WeatherService.swift in Sources */,
				AA0000000000000000000005 /* ContentView.swift in Sources */,
				AA0000000000000000000006 /* EntryRowView.swift in Sources */,
				AA0000000000000000000007 /* EntryEditorView.swift in Sources */,
				AA0000000000000000000009 /* CameraPickerView.swift in Sources */,
				AA000000000000000000000A /* YearCalendarView.swift in Sources */,
				AA000000000000000000000C /* EntryDetailView.swift in Sources */,
				AA000000000000000000000D /* LocationMapView.swift in Sources */,
				AA000000000000000000000E /* MoodIconView.swift in Sources */,
				AA000000000000000000000F /* CachedPhotoView.swift in Sources */,
			);
			runOnlyForDeploymentPostprocessing = 0;
		};
/* End PBXSourcesBuildPhase section */

/* Begin XCBuildConfiguration section */
		AA0000000000000000000060 /* Debug */ = {
			isa = XCBuildConfiguration;
			buildSettings = {
				ALWAYS_SEARCH_USER_PATHS = NO;
				CLANG_ANALYZER_NONNULL = YES;
				CLANG_ANALYZER_NUMBER_OBJECT_CONVERSION = YES_AGGRESSIVE;
				CLANG_CXX_LANGUAGE_STANDARD = "gnu++20";
				CLANG_ENABLE_MODULES = YES;
				CLANG_ENABLE_OBJC_ARC = YES;
				CLANG_ENABLE_OBJC_WEAK = YES;
				CLANG_WARN_BLOCK_CAPTURE_AUTORELEASING = YES;
				CLANG_WARN_BOOL_CONVERSION = YES;
				CLANG_WARN_COMMA = YES;
				CLANG_WARN_CONSTANT_CONVERSION = YES;
				CLANG_WARN_DEPRECATED_OBJC_IMPLEMENTATIONS = YES;
				CLANG_WARN_DIRECT_OBJC_ISA_USAGE = YES_ERROR;
				CLANG_WARN_DOCUMENTATION_COMMENTS = YES;
				CLANG_WARN_EMPTY_BODY = YES;
				CLANG_WARN_ENUM_CONVERSION = YES;
				CLANG_WARN_INFINITE_RECURSION = YES;
				CLANG_WARN_INT_CONVERSION = YES;
				CLANG_WARN_NON_LITERAL_NULL_CONVERSION = YES;
				CLANG_WARN_OBJC_IMPLICIT_RETAIN_SELF = YES;
				CLANG_WARN_OBJC_LITERAL_CONVERSION = YES;
				CLANG_WARN_OBJC_ROOT_CLASS = YES_ERROR;
				CLANG_WARN_QUOTED_INCLUDE_IN_FRAMEWORK_HEADER = YES;
				CLANG_WARN_RANGE_LOOP_ANALYSIS = YES;
				CLANG_WARN_STRICT_PROTOTYPES = YES;
				CLANG_WARN_SUSPICIOUS_MOVE = YES;
				CLANG_WARN_UNGUARDED_AVAILABILITY = YES_AGGRESSIVE;
				CLANG_WARN_UNREACHABLE_CODE = YES;
				CLANG_WARN__DUPLICATE_METHOD_MATCH = YES;
				COPY_PHASE_STRIP = NO;
				DEBUG_INFORMATION_FORMAT = dwarf;
				ENABLE_STRICT_OBJC_MSGSEND = YES;
				ENABLE_TESTABILITY = YES;
				ENABLE_USER_SCRIPT_SANDBOXING = YES;
				GCC_C_LANGUAGE_STANDARD = gnu17;
				GCC_DYNAMIC_NO_PIC = NO;
				GCC_NO_COMMON_BLOCKS = YES;
				GCC_OPTIMIZATION_LEVEL = 0;
				GCC_PREPROCESSOR_DEFINITIONS = (
					"DEBUG=1",
					"$(inherited)",
				);
				GCC_WARN_64_TO_32_BIT_CONVERSION = YES;
				GCC_WARN_ABOUT_RETURN_TYPE = YES_ERROR;
				GCC_WARN_UNDECLARED_SELECTOR = YES;
				GCC_WARN_UNINITIALIZED_AUTOS = YES_AGGRESSIVE;
				GCC_WARN_UNUSED_FUNCTION = YES;
				GCC_WARN_UNUSED_VARIABLE = YES;
				IPHONEOS_DEPLOYMENT_TARGET = 18.0;
				MTL_ENABLE_DEBUG_INFO = INCLUDE_SOURCE;
				MTL_FAST_MATH = YES;
				ONLY_ACTIVE_ARCH = YES;
				SDKROOT = iphoneos;
				SWIFT_ACTIVE_COMPILATION_CONDITIONS = DEBUG;
			};
			name = Debug;
		};
		AA0000000000000000000061 /* Release */ = {
			isa = XCBuildConfiguration;
			buildSettings = {
				ALWAYS_SEARCH_USER_PATHS = NO;
				CLANG_ANALYZER_NONNULL = YES;
				CLANG_ANALYZER_NUMBER_OBJECT_CONVERSION = YES_AGGRESSIVE;
				CLANG_CXX_LANGUAGE_STANDARD = "gnu++20";
				CLANG_ENABLE_MODULES = YES;
				CLANG_ENABLE_OBJC_ARC = YES;
				CLANG_ENABLE_OBJC_WEAK = YES;
				CLANG_WARN_BLOCK_CAPTURE_AUTORELEASING = YES;
				CLANG_WARN_BOOL_CONVERSION = YES;
				CLANG_WARN_COMMA = YES;
				CLANG_WARN_CONSTANT_CONVERSION = YES;
				CLANG_WARN_DEPRECATED_OBJC_IMPLEMENTATIONS = YES;
				CLANG_WARN_DIRECT_OBJC_ISA_USAGE = YES_ERROR;
				CLANG_WARN_DOCUMENTATION_COMMENTS = YES;
				CLANG_WARN_EMPTY_BODY = YES;
				CLANG_WARN_ENUM_CONVERSION = YES;
				CLANG_WARN_INFINITE_RECURSION = YES;
				CLANG_WARN_INT_CONVERSION = YES;
				CLANG_WARN_NON_LITERAL_NULL_CONVERSION = YES;
				CLANG_WARN_OBJC_IMPLICIT_RETAIN_SELF = YES;
				CLANG_WARN_OBJC_LITERAL_CONVERSION = YES;
				CLANG_WARN_OBJC_ROOT_CLASS = YES_ERROR;
				CLANG_WARN_QUOTED_INCLUDE_IN_FRAMEWORK_HEADER = YES;
				CLANG_WARN_RANGE_LOOP_ANALYSIS = YES;
				CLANG_WARN_STRICT_PROTOTYPES = YES;
				CLANG_WARN_SUSPICIOUS_MOVE = YES;
				CLANG_WARN_UNGUARDED_AVAILABILITY = YES_AGGRESSIVE;
				CLANG_WARN_UNREACHABLE_CODE = YES;
				CLANG_WARN__DUPLICATE_METHOD_MATCH = YES;
				COPY_PHASE_STRIP = NO;
				DEBUG_INFORMATION_FORMAT = "dwarf-with-dsym";
				ENABLE_NS_ASSERTIONS = NO;
				ENABLE_STRICT_OBJC_MSGSEND = YES;
				ENABLE_USER_SCRIPT_SANDBOXING = YES;
				GCC_C_LANGUAGE_STANDARD = gnu17;
				GCC_NO_COMMON_BLOCKS = YES;
				GCC_WARN_64_TO_32_BIT_CONVERSION = YES;
				GCC_WARN_ABOUT_RETURN_TYPE = YES_ERROR;
				GCC_WARN_UNDECLARED_SELECTOR = YES;
				GCC_WARN_UNINITIALIZED_AUTOS = YES_AGGRESSIVE;
				GCC_WARN_UNUSED_FUNCTION = YES;
				GCC_WARN_UNUSED_VARIABLE = YES;
				IPHONEOS_DEPLOYMENT_TARGET = 18.0;
				MTL_ENABLE_DEBUG_INFO = NO;
				MTL_FAST_MATH = YES;
				SDKROOT = iphoneos;
				SWIFT_COMPILATION_MODE = wholemodule;
				VALIDATE_PRODUCT = YES;
			};
			name = Release;
		};
		AA0000000000000000000062 /* Debug */ = {
			isa = XCBuildConfiguration;
			buildSettings = {
				ASSETCATALOG_COMPILER_GLOBAL_ACCENT_COLOR_NAME = AccentColor;
				ASSETCATALOG_COMPILER_APPICON_NAME = AppIcon;
				CODE_SIGN_STYLE = Automatic;
				CURRENT_PROJECT_VERSION = 1;
				DEVELOPMENT_TEAM = JRMAS8F6D3;
				ENABLE_PREVIEWS = YES;
				GENERATE_INFOPLIST_FILE = YES;
				INFOPLIST_KEY_CFBundleDisplayName = WeatherMood365;
				INFOPLIST_KEY_NSCameraUsageDescription = "用于拍摄每天的记录照片。";
				INFOPLIST_KEY_NSLocationWhenInUseUsageDescription = "用于获取当天当前位置的天气。";
				INFOPLIST_KEY_NSPhotoLibraryAddUsageDescription = "用于将记录照片保存到相册。";
				INFOPLIST_KEY_NSPhotoLibraryUsageDescription = "用于选择每天的记录照片。";
				INFOPLIST_KEY_UILaunchStoryboardName = LaunchScreen;
				IPHONEOS_DEPLOYMENT_TARGET = 18.0;
				LD_RUNPATH_SEARCH_PATHS = (
					"$(inherited)",
					"@executable_path/Frameworks",
				);
				MARKETING_VERSION = 1.0;
				PRODUCT_BUNDLE_IDENTIFIER = com.han.WeatherMood365;
				PRODUCT_NAME = "$(TARGET_NAME)";
				SUPPORTED_PLATFORMS = "iphoneos iphonesimulator";
				SUPPORTS_MACCATALYST = NO;
				SWIFT_EMIT_LOC_STRINGS = YES;
				SWIFT_VERSION = 6.0;
				TARGETED_DEVICE_FAMILY = 1;
			};
			name = Debug;
		};
		AA0000000000000000000063 /* Release */ = {
			isa = XCBuildConfiguration;
			buildSettings = {
				ASSETCATALOG_COMPILER_GLOBAL_ACCENT_COLOR_NAME = AccentColor;
				ASSETCATALOG_COMPILER_APPICON_NAME = AppIcon;
				CODE_SIGN_STYLE = Automatic;
				CURRENT_PROJECT_VERSION = 1;
				DEVELOPMENT_TEAM = JRMAS8F6D3;
				ENABLE_PREVIEWS = YES;
				GENERATE_INFOPLIST_FILE = YES;
				INFOPLIST_KEY_CFBundleDisplayName = WeatherMood365;
				INFOPLIST_KEY_NSCameraUsageDescription = "用于拍摄每天的记录照片。";
				INFOPLIST_KEY_NSLocationWhenInUseUsageDescription = "用于获取当天当前位置的天气。";
				INFOPLIST_KEY_NSPhotoLibraryAddUsageDescription = "用于将记录照片保存到相册。";
				INFOPLIST_KEY_NSPhotoLibraryUsageDescription = "用于选择每天的记录照片。";
				INFOPLIST_KEY_UILaunchStoryboardName = LaunchScreen;
				IPHONEOS_DEPLOYMENT_TARGET = 18.0;
				LD_RUNPATH_SEARCH_PATHS = (
					"$(inherited)",
					"@executable_path/Frameworks",
				);
				MARKETING_VERSION = 1.0;
				PRODUCT_BUNDLE_IDENTIFIER = com.han.WeatherMood365;
				PRODUCT_NAME = "$(TARGET_NAME)";
				SUPPORTED_PLATFORMS = "iphoneos iphonesimulator";
				SUPPORTS_MACCATALYST = NO;
				SWIFT_EMIT_LOC_STRINGS = YES;
				SWIFT_VERSION = 6.0;
				TARGETED_DEVICE_FAMILY = 1;
			};
			name = Release;
		};
/* End XCBuildConfiguration section */

/* Begin XCConfigurationList section */
		AA0000000000000000000070 /* Build configuration list for PBXProject "WeatherMood365" */ = {
			isa = XCConfigurationList;
			buildConfigurations = (
				AA0000000000000000000060 /* Debug */,
				AA0000000000000000000061 /* Release */,
			);
			defaultConfigurationIsVisible = 0;
			defaultConfigurationName = Release;
		};
		AA0000000000000000000080 /* Build configuration list for PBXNativeTarget "WeatherMood365" */ = {
			isa = XCConfigurationList;
			buildConfigurations = (
				AA0000000000000000000062 /* Debug */,
				AA0000000000000000000063 /* Release */,
			);
			defaultConfigurationIsVisible = 0;
			defaultConfigurationName = Release;
		};
/* End XCConfigurationList section */
	};
	rootObject = AA0000000000000000000050 /* Project object */;
}
